
Microsoft Visual Studio Solution File, Format Version 12.00
# Visual Studio 15
Project("{FAE04EC0-301F-11D3-BF4B-00C04F79EFBC}") = "BackgroundingApp.Android", "BackgroundingApp.Android\BackgroundingApp.Android.csproj", "{727AF96A-5F8A-4919-82DF-002B94B0CBF2}"
EndProject
Project("{FAE04EC0-301F-11D3-BF4B-00C04F79EFBC}") = "BackgroundingApp.iOS", "BackgroundingApp.iOS\BackgroundingApp.iOS.csproj", "{1E117278-265A-4820-8618-95F65639D604}"
EndProject
Project("{D954291E-2A0B-460D-934E-DC6B0785DB48}") = "BackgroundingApp", "BackgroundingApp\BackgroundingApp.shproj", "{5D476949-8CB1-4766-8D2C-0CBBC54FCBB7}"
EndProject
Global
	GlobalSection(SolutionConfigurationPlatforms) = preSolution
		Debug|Any CPU = Debug|Any CPU
		Release|Any CPU = Release|Any CPU
		Debug|iPhoneSimulator = Debug|iPhoneSimulator
		Release|iPhoneSimulator = Release|iPhoneSimulator
		Debug|iPhone = Debug|iPhone
		Release|iPhone = Release|iPhone
		Ad-Hoc|iPhone = Ad-Hoc|iPhone
		AppStore|iPhone = AppStore|iPhone
	EndGlobalSection
	GlobalSection(ProjectConfigurationPlatforms) = postSolution
		{727AF96A-5F8A-4919-82DF-002B94B0CBF2}.Debug|Any CPU.ActiveCfg = Debug|Any CPU
		{727AF96A-5F8A-4919-82DF-002B94B0CBF2}.Debug|Any CPU.Build.0 = Debug|Any CPU
		{727AF96A-5F8A-4919-82DF-002B94B0CBF2}.Release|Any CPU.ActiveCfg = Release|Any CPU
		{727AF96A-5F8A-4919-82DF-002B94B0CBF2}.Release|Any CPU.Build.0 = Release|Any CPU
		{727AF96A-5F8A-4919-82DF-002B94B0CBF2}.Debug|iPhoneSimulator.ActiveCfg = Debug|Any CPU
		{727AF96A-5F8A-4919-82DF-002B94B0CBF2}.Debug|iPhoneSimulator.Build.0 = Debug|Any CPU
		{727AF96A-5F8A-4919-82DF-002B94B0CBF2}.Release|iPhoneSimulator.ActiveCfg = Release|Any CPU
		{727AF96A-5F8A-4919-82DF-002B94B0CBF2}.Release|iPhoneSimulator.Build.0 = Release|Any CPU
		{727AF96A-5F8A-4919-82DF-002B94B0CBF2}.Debug|iPhone.ActiveCfg = Debug|Any CPU
		{727AF96A-5F8A-4919-82DF-002B94B0CBF2}.Debug|iPhone.Build.0 = Debug|Any CPU
		{727AF96A-5F8A-4919-82DF-002B94B0CBF2}.Release|iPhone.ActiveCfg = Release|Any CPU
		{727AF96A-5F8A-4919-82DF-002B94B0CBF2}.Release|iPhone.Build.0 = Release|Any CPU
		{727AF96A-5F8A-4919-82DF-002B94B0CBF2}.Ad-Hoc|iPhone.ActiveCfg = Debug|Any CPU
		{727AF96A-5F8A-4919-82DF-002B94B0CBF2}.Ad-Hoc|iPhone.Build.0 = Debug|Any CPU
		{727AF96A-5F8A-4919-82DF-002B94B0CBF2}.AppStore|iPhone.ActiveCfg = Debug|Any CPU
		{727AF96A-5F8A-4919-82DF-002B94B0CBF2}.AppStore|iPhone.Build.0 = Debug|Any CPU
		{1E117278-265A-4820-8618-95F65639D604}.Debug|Any CPU.ActiveCfg = Debug|iPhoneSimulator
		{1E117278-265A-4820-8618-95F65639D604}.Debug|Any CPU.Build.0 = Debug|iPhoneSimulator
		{1E117278-265A-4820-8618-95F65639D604}.Release|Any CPU.ActiveCfg = Release|iPhoneSimulator
		{1E117278-265A-4820-8618-95F65639D604}.Release|Any CPU.Build.0 = Release|iPhoneSimulator
		{1E117278-265A-4820-8618-95F65639D604}.Debug|iPhoneSimulator.ActiveCfg = Debug|iPhoneSimulator
		{1E117278-265A-4820-8618-95F65639D604}.Debug|iPhoneSimulator.Build.0 = Debug|iPhoneSimulator
		{1E117278-265A-4820-8618-95F65639D604}.Release|iPhoneSimulator.ActiveCfg = Release|iPhoneSimulator
		{1E117278-265A-4820-8618-95F65639D604}.Release|iPhoneSimulator.Build.0 = Release|iPhoneSimulator
		{1E117278-265A-4820-8618-95F65639D604}.Debug|iPhone.ActiveCfg = Debug|iPhone
		{1E117278-265A-4820-8618-95F65639D604}.Debug|iPhone.Build.0 = Debug|iPhone
		{1E117278-265A-4820-8618-95F65639D604}.Release|iPhone.ActiveCfg = Release|iPhone
		{1E117278-265A-4820-8618-95F65639D604}.Release|iPhone.Build.0 = Release|iPhone
		{1E117278-265A-4820-8618-95F65639D604}.Ad-Hoc|iPhone.ActiveCfg = Ad-Hoc|iPhone
		{1E117278-265A-4820-8618-95F65639D604}.Ad-Hoc|iPhone.Build.0 = Ad-Hoc|iPhone
		{1E117278-265A-4820-8618-95F65639D604}.AppStore|iPhone.ActiveCfg = AppStore|iPhone
		{1E117278-265A-4820-8618-95F65639D604}.AppStore|iPhone.Build.0 = AppStore|iPhone
	EndGlobalSection
EndGlobal
